
Microsoft Visual Studio Solution File, Format Version 12.00
# Visual Studio Version 17
VisualStudioVersion = 17.11.35222.181
MinimumVisualStudioVersion = 10.0.40219.1
Project("{9A19103F-16F7-4668-BE54-9A1E7A4F7556}") = "7Assist", "7Assist\7Assist.csproj", "{47A0EE2E-308E-4958-8E45-A8933D87C01C}"
EndProject
Project("{9A19103F-16F7-4668-BE54-9A1E7A4F7556}") = "LiveKit.API", "dotnet\LiveKit.API.csproj", "{F445CC22-DE8E-4464-9726-B6CD1C8B6641}"
EndProject
Global
	GlobalSection(SolutionConfigurationPlatforms) = preSolution
		Debug|Any CPU = Debug|Any CPU
		Release|Any CPU = Release|Any CPU
	EndGlobalSection
	GlobalSection(ProjectConfigurationPlatforms) = postSolution
		{47A0EE2E-308E-4958-8E45-A8933D87C01C}.Debug|Any CPU.ActiveCfg = Debug|Any CPU
		{47A0EE2E-308E-4958-8E45-A8933D87C01C}.Debug|Any CPU.Build.0 = Debug|Any CPU
		{47A0EE2E-308E-4958-8E45-A8933D87C01C}.Release|Any CPU.ActiveCfg = Release|Any CPU
		{47A0EE2E-308E-4958-8E45-A8933D87C01C}.Release|Any CPU.Build.0 = Release|Any CPU
		{F445CC22-DE8E-4464-9726-B6CD1C8B6641}.Debug|Any CPU.ActiveCfg = Debug|Any CPU
		{F445CC22-DE8E-4464-9726-B6CD1C8B6641}.Debug|Any CPU.Build.0 = Debug|Any CPU
		{F445CC22-DE8E-4464-9726-B6CD1C8B6641}.Release|Any CPU.ActiveCfg = Release|Any CPU
		{F445CC22-DE8E-4464-9726-B6CD1C8B6641}.Release|Any CPU.Build.0 = Release|Any CPU
	EndGlobalSection
	GlobalSection(SolutionProperties) = preSolution
		HideSolutionNode = FALSE
	EndGlobalSection
	GlobalSection(ExtensibilityGlobals) = postSolution
		SolutionGuid = {B842DC45-B2BD-4C7F-A84F-0257AE1C8422}
	EndGlobalSection
EndGlobal
